{
  "requires": true,
  "lockfileVersion": 1,
  "dependencies": {
    "@types/events": {
      "version": "3.0.0",
      "resolved": "https://registry.npm.taobao.org/@types/events/download/@types/events-3.0.0.tgz",
      "integrity": "sha1-KGLz9Yqaf3w+eNefEw3U1xwlwqc="
    },
    "@types/formidable": {
      "version": "1.0.31",
      "resolved": "https://registry.npm.taobao.org/@types/formidable/download/@types/formidable-1.0.31.tgz",
      "integrity": "sha1-J0+dwtChqc4f7vSMJMoIWefslHs=",
      "requires": {
        "@types/events": "*",
        "@types/node": "*"
      }
    },
    "@types/node": {
      "version": "12.7.4",
      "resolved": "https://registry.npm.taobao.org/@types/node/download/@types/node-12.7.4.tgz",
      "integrity": "sha1-ZNth4DWetajZm1XgXHKfEwpniwQ="
    },
    "append-field": {
      "version": "0.1.0",
      "resolved": "https://registry.npm.taobao.org/append-field/download/append-field-0.1.0.tgz",
      "integrity": "sha1-bdxY+gg8e8VF08WZWygwzCNm1Eo="
    },
    "async": {
      "version": "2.6.3",
      "resolved": "https://registry.npm.taobao.org/async/download/async-2.6.3.tgz?cache=0&sync_timestamp=1563385399810&other_urls=https%3A%2F%2Fregistry.npm.taobao.org%2Fasync%2Fdownload%2Fasync-2.6.3.tgz",
      "integrity": "sha1-1yYl4jRKNlbjo61Pp0n6gymdgv8=",
      "requires": {
        "lodash": "^4.17.14"
      }
    },
    "buffer-from": {
      "version": "1.1.1",
      "resolved": "https://registry.npm.taobao.org/buffer-from/download/buffer-from-1.1.1.tgz",
      "integrity": "sha1-MnE7wCj3XAL9txDXx7zsHyxgcO8="
    },
    "busboy": {
      "version": "0.2.14",
      "resolved": "https://registry.npm.taobao.org/busboy/download/busboy-0.2.14.tgz",
      "integrity": "sha1-bCpiLvz0fFe7vh4qnDetNseSVFM=",
      "requires": {
        "dicer": "0.2.5",
        "readable-stream": "1.1.x"
      }
    },
    "bytes": {
      "version": "3.1.0",
      "resolved": "https://registry.npm.taobao.org/bytes/download/bytes-3.1.0.tgz",
      "integrity": "sha1-9s95M6Ng4FiPqf3oVlHNx/gF0fY="
    },
    "co-body": {
      "version": "5.2.0",
      "resolved": "https://registry.npm.taobao.org/co-body/download/co-body-5.2.0.tgz",
      "integrity": "sha1-WgpljEYCkTHg46MG9nZHMC9xwSQ=",
      "requires": {
        "inflation": "^2.0.0",
        "qs": "^6.4.0",
        "raw-body": "^2.2.0",
        "type-is": "^1.6.14"
      }
    },
    "concat-stream": {
      "version": "1.6.2",
      "resolved": "https://registry.npm.taobao.org/concat-stream/download/concat-stream-1.6.2.tgz?cache=0&other_urls=https%3A%2F%2Fregistry.npm.taobao.org%2Fconcat-stream%2Fdownload%2Fconcat-stream-1.6.2.tgz",
      "integrity": "sha1-kEvfGUzTEi/Gdcd/xKw9T/D9GjQ=",
      "requires": {
        "buffer-from": "^1.0.0",
        "inherits": "^2.0.3",
        "readable-stream": "^2.2.2",
        "typedarray": "^0.0.6"
      },
      "dependencies": {
        "isarray": {
          "version": "1.0.0",
          "resolved": "https://registry.npm.taobao.org/isarray/download/isarray-1.0.0.tgz?cache=0&sync_timestamp=1562592096220&other_urls=https%3A%2F%2Fregistry.npm.taobao.org%2Fisarray%2Fdownload%2Fisarray-1.0.0.tgz",
          "integrity": "sha1-u5NdSFgsuhaMBoNJV6VKPgcSTxE="
        },
        "readable-stream": {
          "version": "2.3.6",
          "resolved": "https://registry.npm.taobao.org/readable-stream/download/readable-stream-2.3.6.tgz?cache=0&other_urls=https%3A%2F%2Fregistry.npm.taobao.org%2Freadable-stream%2Fdownload%2Freadable-stream-2.3.6.tgz",
          "integrity": "sha1-sRwn2IuP8fvgcGQ8+UsMea4bCq8=",
          "requires": {
            "core-util-is": "~1.0.0",
            "inherits": "~2.0.3",
            "isarray": "~1.0.0",
            "process-nextick-args": "~2.0.0",
            "safe-buffer": "~5.1.1",
            "string_decoder": "~1.1.1",
            "util-deprecate": "~1.0.1"
          }
        },
        "string_decoder": {
          "version": "1.1.1",
          "resolved": "https://registry.npm.taobao.org/string_decoder/download/string_decoder-1.1.1.tgz?cache=0&sync_timestamp=1565170823020&other_urls=https%3A%2F%2Fregistry.npm.taobao.org%2Fstring_decoder%2Fdownload%2Fstring_decoder-1.1.1.tgz",
          "integrity": "sha1-nPFhG6YmhdcDCunkujQUnDrwP8g=",
          "requires": {
            "safe-buffer": "~5.1.0"
          }
        }
      }
    },
    "core-util-is": {
      "version": "1.0.2",
      "resolved": "https://registry.npm.taobao.org/core-util-is/download/core-util-is-1.0.2.tgz",
      "integrity": "sha1-tf1UIgqivFq1eqtxQMlAdUUDwac="
    },
    "depd": {
      "version": "1.1.2",
      "resolved": "https://registry.npm.taobao.org/depd/download/depd-1.1.2.tgz",
      "integrity": "sha1-m81S4UwJd2PnSbJ0xDRu0uVgtak="
    },
    "dicer": {
      "version": "0.2.5",
      "resolved": "https://registry.npm.taobao.org/dicer/download/dicer-0.2.5.tgz",
      "integrity": "sha1-WZbAhrszIYyBLAkL3cCc0S+stw8=",
      "requires": {
        "readable-stream": "1.1.x",
        "streamsearch": "0.1.2"
      }
    },
    "duplexer": {
      "version": "0.1.1",
      "resolved": "https://registry.npm.taobao.org/duplexer/download/duplexer-0.1.1.tgz",
      "integrity": "sha1-rOb/gIwc5mtX0ev5eXessCM0z8E="
    },
    "ee-first": {
      "version": "1.1.1",
      "resolved": "https://registry.npm.taobao.org/ee-first/download/ee-first-1.1.1.tgz",
      "integrity": "sha1-WQxhFWsK4vTwJVcyoViyZrxWsh0="
    },
    "event-stream": {
      "version": "4.0.1",
      "resolved": "https://registry.npm.taobao.org/event-stream/download/event-stream-4.0.1.tgz",
      "integrity": "sha1-QJKAjsmV0N116kWAwd9qdNss3mU=",
      "requires": {
        "duplexer": "^0.1.1",
        "from": "^0.1.7",
        "map-stream": "0.0.7",
        "pause-stream": "^0.0.11",
        "split": "^1.0.1",
        "stream-combiner": "^0.2.2",
        "through": "^2.3.8"
      }
    },
    "formidable": {
      "version": "1.2.1",
      "resolved": "https://registry.npm.taobao.org/formidable/download/formidable-1.2.1.tgz",
      "integrity": "sha1-cPt8oCkO5v+WEJBBX0s989IIJlk="
    },
    "from": {
      "version": "0.1.7",
      "resolved": "https://registry.npm.taobao.org/from/download/from-0.1.7.tgz",
      "integrity": "sha1-g8YK/Fi5xWmXAH7Rp2izqzA6RP4="
    },
    "http-errors": {
      "version": "1.7.3",
      "resolved": "https://registry.npm.taobao.org/http-errors/download/http-errors-1.7.3.tgz",
      "integrity": "sha1-bGGeT5xgMIw4UZSYwU+7EKrOuwY=",
      "requires": {
        "depd": "~1.1.2",
        "inherits": "2.0.4",
        "setprototypeof": "1.1.1",
        "statuses": ">= 1.5.0 < 2",
        "toidentifier": "1.0.0"
      }
    },
    "iconv-lite": {
      "version": "0.4.24",
      "resolved": "https://registry.npm.taobao.org/iconv-lite/download/iconv-lite-0.4.24.tgz",
      "integrity": "sha1-ICK0sl+93CHS9SSXSkdKr+czkIs=",
      "requires": {
        "safer-buffer": ">= 2.1.2 < 3"
      }
    },
    "inflation": {
      "version": "2.0.0",
      "resolved": "https://registry.npm.taobao.org/inflation/download/inflation-2.0.0.tgz",
      "integrity": "sha1-i0F+R8KPklpFEz2RTKH9OJEH8w8="
    },
    "inherits": {
      "version": "2.0.4",
      "resolved": "https://registry.npm.taobao.org/inherits/download/inherits-2.0.4.tgz",
      "integrity": "sha1-D6LGT5MpF8NDOg3tVTY6rjdBa3w="
    },
    "isarray": {
      "version": "0.0.1",
      "resolved": "https://registry.npm.taobao.org/isarray/download/isarray-0.0.1.tgz?cache=0&sync_timestamp=1562592096220&other_urls=https%3A%2F%2Fregistry.npm.taobao.org%2Fisarray%2Fdownload%2Fisarray-0.0.1.tgz",
      "integrity": "sha1-ihis/Kmo9Bd+Cav8YDiTmwXR7t8="
    },
    "koa-body": {
      "version": "4.1.1",
      "resolved": "https://registry.npm.taobao.org/koa-body/download/koa-body-4.1.1.tgz",
      "integrity": "sha1-UGhtKQiR/G8ay5hs98/NYF+FXvA=",
      "requires": {
        "@types/formidable": "^1.0.31",
        "co-body": "^5.1.1",
        "formidable": "^1.1.1"
      }
    },
    "koa-multer": {
      "version": "1.0.2",
      "resolved": "https://registry.npm.taobao.org/koa-multer/download/koa-multer-1.0.2.tgz",
      "integrity": "sha1-049//R25exqtM+d3RzLwAOvWclk=",
      "requires": {
        "multer": "1.3.0"
      }
    },
    "lodash": {
      "version": "4.17.15",
      "resolved": "https://registry.npm.taobao.org/lodash/download/lodash-4.17.15.tgz?cache=0&other_urls=https%3A%2F%2Fregistry.npm.taobao.org%2Flodash%2Fdownload%2Flodash-4.17.15.tgz",
      "integrity": "sha1-tEf2ZwoEVbv+7dETku/zMOoJdUg="
    },
    "lodash.assign": {
      "version": "4.2.0",
      "resolved": "https://registry.npm.taobao.org/lodash.assign/download/lodash.assign-4.2.0.tgz",
      "integrity": "sha1-DZnzzNem0mHRm9rrkkUAXShYCOc="
    },
    "map-stream": {
      "version": "0.0.7",
      "resolved": "https://registry.npm.taobao.org/map-stream/download/map-stream-0.0.7.tgz",
      "integrity": "sha1-ih8HiW2CsQkmvTdEokIACfiJdKg="
    },
    "media-typer": {
      "version": "0.3.0",
      "resolved": "https://registry.npm.taobao.org/media-typer/download/media-typer-0.3.0.tgz",
      "integrity": "sha1-hxDXrwqmJvj/+hzgAWhUUmMlV0g="
    },
    "mime-db": {
      "version": "1.40.0",
      "resolved": "https://registry.npm.taobao.org/mime-db/download/mime-db-1.40.0.tgz",
      "integrity": "sha1-plBX6ZjbCQ9zKmj2wnbTh9QSbDI="
    },
    "mime-types": {
      "version": "2.1.24",
      "resolved": "https://registry.npm.taobao.org/mime-types/download/mime-types-2.1.24.tgz",
      "integrity": "sha1-tvjQs+lR77d97eyhlM/20W9nb4E=",
      "requires": {
        "mime-db": "1.40.0"
      }
    },
    "mingo": {
      "version": "1.3.3",
      "resolved": "https://registry.npm.taobao.org/mingo/download/mingo-1.3.3.tgz",
      "integrity": "sha1-aSLE0Ufvx3GgFCWixMj3eER4xUY="
    },
    "minimist": {
      "version": "0.0.8",
      "resolved": "https://registry.npm.taobao.org/minimist/download/minimist-0.0.8.tgz",
      "integrity": "sha1-hX/Kv8M5fSYluCKCYuhqp6ARsF0="
    },
    "mkdirp": {
      "version": "0.5.1",
      "resolved": "https://registry.npm.taobao.org/mkdirp/download/mkdirp-0.5.1.tgz",
      "integrity": "sha1-MAV0OOrGz3+MR2fzhkjWaX11yQM=",
      "requires": {
        "minimist": "0.0.8"
      }
    },
    "multer": {
      "version": "1.3.0",
      "resolved": "https://registry.npm.taobao.org/multer/download/multer-1.3.0.tgz",
      "integrity": "sha1-CSsmcPaEb6SRSWXvyM+Uwg/sbNI=",
      "requires": {
        "append-field": "^0.1.0",
        "busboy": "^0.2.11",
        "concat-stream": "^1.5.0",
        "mkdirp": "^0.5.1",
        "object-assign": "^3.0.0",
        "on-finished": "^2.3.0",
        "type-is": "^1.6.4",
        "xtend": "^4.0.0"
      }
    },
    "object-assign": {
      "version": "3.0.0",
      "resolved": "https://registry.npm.taobao.org/object-assign/download/object-assign-3.0.0.tgz",
      "integrity": "sha1-m+3VygiXlJvKR+f/QIBi1Un1h/I="
    },
    "on-finished": {
      "version": "2.3.0",
      "resolved": "https://registry.npm.taobao.org/on-finished/download/on-finished-2.3.0.tgz",
      "integrity": "sha1-IPEzZIGwg811M3mSoWlxqi2QaUc=",
      "requires": {
        "ee-first": "1.1.1"
      }
    },
    "pause-stream": {
      "version": "0.0.11",
      "resolved": "https://registry.npm.taobao.org/pause-stream/download/pause-stream-0.0.11.tgz",
      "integrity": "sha1-/lo0sMvOErWqaitAPuLnO2AvFEU=",
      "requires": {
        "through": "~2.3"
      }
    },
    "process-nextick-args": {
      "version": "2.0.1",
      "resolved": "https://registry.npm.taobao.org/process-nextick-args/download/process-nextick-args-2.0.1.tgz",
      "integrity": "sha1-eCDZsWEgzFXKmud5JoCufbptf+I="
    },
    "qs": {
      "version": "6.8.0",
      "resolved": "https://registry.npm.taobao.org/qs/download/qs-6.8.0.tgz?cache=0&sync_timestamp=1566009952956&other_urls=https%3A%2F%2Fregistry.npm.taobao.org%2Fqs%2Fdownload%2Fqs-6.8.0.tgz",
      "integrity": "sha1-h7dj8NN8pUIAM0zVe7Lvj2ih0IE="
    },
    "raw-body": {
      "version": "2.4.1",
      "resolved": "https://registry.npm.taobao.org/raw-body/download/raw-body-2.4.1.tgz",
      "integrity": "sha1-MKyC+Yu1rowVLmcUnayNVRU7Fow=",
      "requires": {
        "bytes": "3.1.0",
        "http-errors": "1.7.3",
        "iconv-lite": "0.4.24",
        "unpipe": "1.0.0"
      }
    },
    "readable-stream": {
      "version": "1.1.14",
      "resolved": "https://registry.npm.taobao.org/readable-stream/download/readable-stream-1.1.14.tgz?cache=0&other_urls=https%3A%2F%2Fregistry.npm.taobao.org%2Freadable-stream%2Fdownload%2Freadable-stream-1.1.14.tgz",
      "integrity": "sha1-fPTFTvZI44EwhMY23SB54WbAgdk=",
      "requires": {
        "core-util-is": "~1.0.0",
        "inherits": "~2.0.1",
        "isarray": "0.0.1",
        "string_decoder": "~0.10.x"
      }
    },
    "safe-buffer": {
      "version": "5.1.2",
      "resolved": "https://registry.npm.taobao.org/safe-buffer/download/safe-buffer-5.1.2.tgz",
      "integrity": "sha1-mR7GnSluAxN0fVm9/St0XDX4go0="
    },
    "safer-buffer": {
      "version": "2.1.2",
      "resolved": "https://registry.npm.taobao.org/safer-buffer/download/safer-buffer-2.1.2.tgz?cache=0&other_urls=https%3A%2F%2Fregistry.npm.taobao.org%2Fsafer-buffer%2Fdownload%2Fsafer-buffer-2.1.2.tgz",
      "integrity": "sha1-RPoWGwGHuVSd2Eu5GAL5vYOFzWo="
    },
    "save": {
      "version": "2.4.0",
      "resolved": "https://registry.npm.taobao.org/save/download/save-2.4.0.tgz",
      "integrity": "sha1-r5P/mz16QdCv9JojQzhwYTpGD5s=",
      "requires": {
        "async": "^2.6.2",
        "event-stream": "^4.0.1",
        "lodash.assign": "^4.2.0",
        "mingo": "1"
      }
    },
    "setprototypeof": {
      "version": "1.1.1",
      "resolved": "https://registry.npm.taobao.org/setprototypeof/download/setprototypeof-1.1.1.tgz",
      "integrity": "sha1-fpWsskqpL1iF4KvvW6ExMw1K5oM="
    },
    "split": {
      "version": "1.0.1",
      "resolved": "https://registry.npm.taobao.org/split/download/split-1.0.1.tgz",
      "integrity": "sha1-YFvZvjA6pZ+zX5Ip++oN3snqB9k=",
      "requires": {
        "through": "2"
      }
    },
    "statuses": {
      "version": "1.5.0",
      "resolved": "https://registry.npm.taobao.org/statuses/download/statuses-1.5.0.tgz",
      "integrity": "sha1-Fhx9rBd2Wf2YEfQ3cfqZOBR4Yow="
    },
    "stream-combiner": {
      "version": "0.2.2",
      "resolved": "https://registry.npm.taobao.org/stream-combiner/download/stream-combiner-0.2.2.tgz",
      "integrity": "sha1-rsjLrBd7Vrb0+kec7YwZEs7lKFg=",
      "requires": {
        "duplexer": "~0.1.1",
        "through": "~2.3.4"
      }
    },
    "streamsearch": {
      "version": "0.1.2",
      "resolved": "https://registry.npm.taobao.org/streamsearch/download/streamsearch-0.1.2.tgz",
      "integrity": "sha1-gIudDlb8Jz2Am6VzOOkpkZoanxo="
    },
    "string_decoder": {
      "version": "0.10.31",
      "resolved": "https://registry.npm.taobao.org/string_decoder/download/string_decoder-0.10.31.tgz?cache=0&sync_timestamp=1565170823020&other_urls=https%3A%2F%2Fregistry.npm.taobao.org%2Fstring_decoder%2Fdownload%2Fstring_decoder-0.10.31.tgz",
      "integrity": "sha1-YuIDvEF2bGwoyfyEMB2rHFMQ+pQ="
    },
    "through": {
      "version": "2.3.8",
      "resolved": "https://registry.npm.taobao.org/through/download/through-2.3.8.tgz",
      "integrity": "sha1-DdTJ/6q8NXlgsbckEV1+Doai4fU="
    },
    "toidentifier": {
      "version": "1.0.0",
      "resolved": "https://registry.npm.taobao.org/toidentifier/download/toidentifier-1.0.0.tgz",
      "integrity": "sha1-fhvjRw8ed5SLxD2Uo8j013UrpVM="
    },
    "type-is": {
      "version": "1.6.18",
      "resolved": "https://registry.npm.taobao.org/type-is/download/type-is-1.6.18.tgz",
      "integrity": "sha1-TlUs0F3wlGfcvE73Od6J8s83wTE=",
      "requires": {
        "media-typer": "0.3.0",
        "mime-types": "~2.1.24"
      }
    },
    "typedarray": {
      "version": "0.0.6",
      "resolved": "https://registry.npm.taobao.org/typedarray/download/typedarray-0.0.6.tgz",
      "integrity": "sha1-hnrHTjhkGHsdPUfZlqeOxciDB3c="
    },
    "unpipe": {
      "version": "1.0.0",
      "resolved": "https://registry.npm.taobao.org/unpipe/download/unpipe-1.0.0.tgz",
      "integrity": "sha1-sr9O6FFKrmFltIF4KdIbLvSZBOw="
    },
    "util-deprecate": {
      "version": "1.0.2",
      "resolved": "https://registry.npm.taobao.org/util-deprecate/download/util-deprecate-1.0.2.tgz",
      "integrity": "sha1-RQ1Nyfpw3nMnYvvS1KKJgUGaDM8="
    },
    "xtend": {
      "version": "4.0.2",
      "resolved": "https://registry.npm.taobao.org/xtend/download/xtend-4.0.2.tgz",
      "integrity": "sha1-u3J3n1+kZRhrH0OPZ0+jR/2121Q="
    }
  }
}
